
Microsoft Visual Studio Solution File, Format Version 12.00
# Visual Studio 15
VisualStudioVersion = 15.0.26906.1
MinimumVisualStudioVersion = 10.0.40219.1
Project("{9A19103F-16F7-4668-BE54-9A1E7A4F7556}") = "Indigo.Core", "Indigo.Core\Indigo.Core.csproj", "{867BC30A-D947-4264-AAA3-7E6885B939F0}"
EndProject
Project("{9A19103F-16F7-4668-BE54-9A1E7A4F7556}") = "Indigo.Server", "Indigo.Server\Indigo.Server.csproj", "{B822AEA3-AE4B-44CB-9207-2313A8ABF77C}"
EndProject
Project("{FAE04EC0-301F-11D3-BF4B-00C04F79EFBC}") = "Indigo.Client.Android", "Indigo.Client\Indigo.Client.Android\Indigo.Client.Android.csproj", "{6A91C6E6-BAB1-4E43-AF98-CC98A7F19097}"
EndProject
Project("{FAE04EC0-301F-11D3-BF4B-00C04F79EFBC}") = "Indigo.Client.UWP", "Indigo.Client\Indigo.Client.UWP\Indigo.Client.UWP.csproj", "{5D520995-BD82-47DC-A558-D3F797732BBE}"
EndProject
Project("{FAE04EC0-301F-11D3-BF4B-00C04F79EFBC}") = "Indigo.Client.iOS", "Indigo.Client\Indigo.Client.iOS\Indigo.Client.iOS.csproj", "{929157D0-B568-4C0E-A4FE-F0005486A73C}"
EndProject
Project("{2150E333-8FDC-42A3-9474-1A3956D46DE8}") = "Client", "Client", "{4237AFB6-0238-4ED5-B19E-DE1108109998}"
EndProject
Project("{FAE04EC0-301F-11D3-BF4B-00C04F79EFBC}") = "Indigo.Client.Core", "Indigo.Client\Indigo.Client.Core\Indigo.Client.Core.csproj", "{2954AE8E-524B-4482-BC74-B9DDA0BB9DFB}"
EndProject
Global
	GlobalSection(SolutionConfigurationPlatforms) = preSolution
		Ad-Hoc|Any CPU = Ad-Hoc|Any CPU
		Ad-Hoc|ARM = Ad-Hoc|ARM
		Ad-Hoc|iPhone = Ad-Hoc|iPhone
		Ad-Hoc|iPhoneSimulator = Ad-Hoc|iPhoneSimulator
		Ad-Hoc|x64 = Ad-Hoc|x64
		Ad-Hoc|x86 = Ad-Hoc|x86
		AppStore|Any CPU = AppStore|Any CPU
		AppStore|ARM = AppStore|ARM
		AppStore|iPhone = AppStore|iPhone
		AppStore|iPhoneSimulator = AppStore|iPhoneSimulator
		AppStore|x64 = AppStore|x64
		AppStore|x86 = AppStore|x86
		Debug|Any CPU = Debug|Any CPU
		Debug|ARM = Debug|ARM
		Debug|iPhone = Debug|iPhone
		Debug|iPhoneSimulator = Debug|iPhoneSimulator
		Debug|x64 = Debug|x64
		Debug|x86 = Debug|x86
		Release|Any CPU = Release|Any CPU
		Release|ARM = Release|ARM
		Release|iPhone = Release|iPhone
		Release|iPhoneSimulator = Release|iPhoneSimulator
		Release|x64 = Release|x64
		Release|x86 = Release|x86
	EndGlobalSection
	GlobalSection(ProjectConfigurationPlatforms) = postSolution
		{867BC30A-D947-4264-AAA3-7E6885B939F0}.Ad-Hoc|Any CPU.ActiveCfg = Release|Any CPU
		{867BC30A-D947-4264-AAA3-7E6885B939F0}.Ad-Hoc|Any CPU.Build.0 = Release|Any CPU
		{867BC30A-D947-4264-AAA3-7E6885B939F0}.Ad-Hoc|ARM.ActiveCfg = Release|Any CPU
		{867BC30A-D947-4264-AAA3-7E6885B939F0}.Ad-Hoc|ARM.Build.0 = Release|Any CPU
		{867BC30A-D947-4264-AAA3-7E6885B939F0}.Ad-Hoc|iPhone.ActiveCfg = Release|Any CPU
		{867BC30A-D947-4264-AAA3-7E6885B939F0}.Ad-Hoc|iPhone.Build.0 = Release|Any CPU
		{867BC30A-D947-4264-AAA3-7E6885B939F0}.Ad-Hoc|iPhoneSimulator.ActiveCfg = Release|Any CPU
		{867BC30A-D947-4264-AAA3-7E6885B939F0}.Ad-Hoc|iPhoneSimulator.Build.0 = Release|Any CPU
		{867BC30A-D947-4264-AAA3-7E6885B939F0}.Ad-Hoc|x64.ActiveCfg = Release|Any CPU
		{867BC30A-D947-4264-AAA3-7E6885B939F0}.Ad-Hoc|x64.Build.0 = Release|Any CPU
		{867BC30A-D947-4264-AAA3-7E6885B939F0}.Ad-Hoc|x86.ActiveCfg = Release|Any CPU
		{867BC30A-D947-4264-AAA3-7E6885B939F0}.Ad-Hoc|x86.Build.0 = Release|Any CPU
		{867BC30A-D947-4264-AAA3-7E6885B939F0}.AppStore|Any CPU.ActiveCfg = Release|Any CPU
		{867BC30A-D947-4264-AAA3-7E6885B939F0}.AppStore|Any CPU.Build.0 = Release|Any CPU
		{867BC30A-D947-4264-AAA3-7E6885B939F0}.AppStore|ARM.ActiveCfg = Release|Any CPU
		{867BC30A-D947-4264-AAA3-7E6885B939F0}.AppStore|ARM.Build.0 = Release|Any CPU
		{867BC30A-D947-4264-AAA3-7E6885B939F0}.AppStore|iPhone.ActiveCfg = Release|Any CPU
		{867BC30A-D947-4264-AAA3-7E6885B939F0}.AppStore|iPhone.Build.0 = Release|Any CPU
		{867BC30A-D947-4264-AAA3-7E6885B939F0}.AppStore|iPhoneSimulator.ActiveCfg = Release|Any CPU
		{867BC30A-D947-4264-AAA3-7E6885B939F0}.AppStore|iPhoneSimulator.Build.0 = Release|Any CPU
		{867BC30A-D947-4264-AAA3-7E6885B939F0}.AppStore|x64.ActiveCfg = Release|Any CPU
		{867BC30A-D947-4264-AAA3-7E6885B939F0}.AppStore|x64.Build.0 = Release|Any CPU
		{867BC30A-D947-4264-AAA3-7E6885B939F0}.AppStore|x86.ActiveCfg = Release|Any CPU
		{867BC30A-D947-4264-AAA3-7E6885B939F0}.AppStore|x86.Build.0 = Release|Any CPU
		{867BC30A-D947-4264-AAA3-7E6885B939F0}.Debug|Any CPU.ActiveCfg = Debug|Any CPU
		{867BC30A-D947-4264-AAA3-7E6885B939F0}.Debug|Any CPU.Build.0 = Debug|Any CPU
		{867BC30A-D947-4264-AAA3-7E6885B939F0}.Debug|ARM.ActiveCfg = Debug|Any CPU
		{867BC30A-D947-4264-AAA3-7E6885B939F0}.Debug|ARM.Build.0 = Debug|Any CPU
		{867BC30A-D947-4264-AAA3-7E6885B939F0}.Debug|iPhone.ActiveCfg = Debug|Any CPU
		{867BC30A-D947-4264-AAA3-7E6885B939F0}.Debug|iPhone.Build.0 = Debug|Any CPU
		{867BC30A-D947-4264-AAA3-7E6885B939F0}.Debug|iPhoneSimulator.ActiveCfg = Debug|Any CPU
		{867BC30A-D947-4264-AAA3-7E6885B939F0}.Debug|iPhoneSimulator.Build.0 = Debug|Any CPU
		{867BC30A-D947-4264-AAA3-7E6885B939F0}.Debug|x64.ActiveCfg = Debug|Any CPU
		{867BC30A-D947-4264-AAA3-7E6885B939F0}.Debug|x64.Build.0 = Debug|Any CPU
		{867BC30A-D947-4264-AAA3-7E6885B939F0}.Debug|x86.ActiveCfg = Debug|Any CPU
		{867BC30A-D947-4264-AAA3-7E6885B939F0}.Debug|x86.Build.0 = Debug|Any CPU
		{867BC30A-D947-4264-AAA3-7E6885B939F0}.Release|Any CPU.ActiveCfg = Release|Any CPU
		{867BC30A-D947-4264-AAA3-7E6885B939F0}.Release|Any CPU.Build.0 = Release|Any CPU
		{867BC30A-D947-4264-AAA3-7E6885B939F0}.Release|ARM.ActiveCfg = Release|Any CPU
		{867BC30A-D947-4264-AAA3-7E6885B939F0}.Release|ARM.Build.0 = Release|Any CPU
		{867BC30A-D947-4264-AAA3-7E6885B939F0}.Release|iPhone.ActiveCfg = Release|Any CPU
		{867BC30A-D947-4264-AAA3-7E6885B939F0}.Release|iPhone.Build.0 = Release|Any CPU
		{867BC30A-D947-4264-AAA3-7E6885B939F0}.Release|iPhoneSimulator.ActiveCfg = Release|Any CPU
		{867BC30A-D947-4264-AAA3-7E6885B939F0}.Release|iPhoneSimulator.Build.0 = Release|Any CPU
		{867BC30A-D947-4264-AAA3-7E6885B939F0}.Release|x64.ActiveCfg = Release|Any CPU
		{867BC30A-D947-4264-AAA3-7E6885B939F0}.Release|x64.Build.0 = Release|Any CPU
		{867BC30A-D947-4264-AAA3-7E6885B939F0}.Release|x86.ActiveCfg = Release|Any CPU
		{867BC30A-D947-4264-AAA3-7E6885B939F0}.Release|x86.Build.0 = Release|Any CPU
		{B822AEA3-AE4B-44CB-9207-2313A8ABF77C}.Ad-Hoc|Any CPU.ActiveCfg = Release|Any CPU
		{B822AEA3-AE4B-44CB-9207-2313A8ABF77C}.Ad-Hoc|Any CPU.Build.0 = Release|Any CPU
		{B822AEA3-AE4B-44CB-9207-2313A8ABF77C}.Ad-Hoc|ARM.ActiveCfg = Release|Any CPU
		{B822AEA3-AE4B-44CB-9207-2313A8ABF77C}.Ad-Hoc|ARM.Build.0 = Release|Any CPU
		{B822AEA3-AE4B-44CB-9207-2313A8ABF77C}.Ad-Hoc|iPhone.ActiveCfg = Release|Any CPU
		{B822AEA3-AE4B-44CB-9207-2313A8ABF77C}.Ad-Hoc|iPhone.Build.0 = Release|Any CPU
		{B822AEA3-AE4B-44CB-9207-2313A8ABF77C}.Ad-Hoc|iPhoneSimulator.ActiveCfg = Release|Any CPU
		{B822AEA3-AE4B-44CB-9207-2313A8ABF77C}.Ad-Hoc|iPhoneSimulator.Build.0 = Release|Any CPU
		{B822AEA3-AE4B-44CB-9207-2313A8ABF77C}.Ad-Hoc|x64.ActiveCfg = Release|Any CPU
		{B822AEA3-AE4B-44CB-9207-2313A8ABF77C}.Ad-Hoc|x64.Build.0 = Release|Any CPU
		{B822AEA3-AE4B-44CB-9207-2313A8ABF77C}.Ad-Hoc|x86.ActiveCfg = Release|Any CPU
		{B822AEA3-AE4B-44CB-9207-2313A8ABF77C}.Ad-Hoc|x86.Build.0 = Release|Any CPU
		{B822AEA3-AE4B-44CB-9207-2313A8ABF77C}.AppStore|Any CPU.ActiveCfg = Release|Any CPU
		{B822AEA3-AE4B-44CB-9207-2313A8ABF77C}.AppStore|Any CPU.Build.0 = Release|Any CPU
		{B822AEA3-AE4B-44CB-9207-2313A8ABF77C}.AppStore|ARM.ActiveCfg = Release|Any CPU
		{B822AEA3-AE4B-44CB-9207-2313A8ABF77C}.AppStore|ARM.Build.0 = Release|Any CPU
		{B822AEA3-AE4B-44CB-9207-2313A8ABF77C}.AppStore|iPhone.ActiveCfg = Release|Any CPU
		{B822AEA3-AE4B-44CB-9207-2313A8ABF77C}.AppStore|iPhone.Build.0 = Release|Any CPU
		{B822AEA3-AE4B-44CB-9207-2313A8ABF77C}.AppStore|iPhoneSimulator.ActiveCfg = Release|Any CPU
		{B822AEA3-AE4B-44CB-9207-2313A8ABF77C}.AppStore|iPhoneSimulator.Build.0 = Release|Any CPU
		{B822AEA3-AE4B-44CB-9207-2313A8ABF77C}.AppStore|x64.ActiveCfg = Release|Any CPU
		{B822AEA3-AE4B-44CB-9207-2313A8ABF77C}.AppStore|x64.Build.0 = Release|Any CPU
		{B822AEA3-AE4B-44CB-9207-2313A8ABF77C}.AppStore|x86.ActiveCfg = Release|Any CPU
		{B822AEA3-AE4B-44CB-9207-2313A8ABF77C}.AppStore|x86.Build.0 = Release|Any CPU
		{B822AEA3-AE4B-44CB-9207-2313A8ABF77C}.Debug|Any CPU.ActiveCfg = Debug|Any CPU
		{B822AEA3-AE4B-44CB-9207-2313A8ABF77C}.Debug|Any CPU.Build.0 = Debug|Any CPU
		{B822AEA3-AE4B-44CB-9207-2313A8ABF77C}.Debug|ARM.ActiveCfg = Debug|Any CPU
		{B822AEA3-AE4B-44CB-9207-2313A8ABF77C}.Debug|ARM.Build.0 = Debug|Any CPU
		{B822AEA3-AE4B-44CB-9207-2313A8ABF77C}.Debug|iPhone.ActiveCfg = Debug|Any CPU
		{B822AEA3-AE4B-44CB-9207-2313A8ABF77C}.Debug|iPhone.Build.0 = Debug|Any CPU
		{B822AEA3-AE4B-44CB-9207-2313A8ABF77C}.Debug|iPhoneSimulator.ActiveCfg = Debug|Any CPU
		{B822AEA3-AE4B-44CB-9207-2313A8ABF77C}.Debug|iPhoneSimulator.Build.0 = Debug|Any CPU
		{B822AEA3-AE4B-44CB-9207-2313A8ABF77C}.Debug|x64.ActiveCfg = Debug|Any CPU
		{B822AEA3-AE4B-44CB-9207-2313A8ABF77C}.Debug|x64.Build.0 = Debug|Any CPU
		{B822AEA3-AE4B-44CB-9207-2313A8ABF77C}.Debug|x86.ActiveCfg = Debug|Any CPU
		{B822AEA3-AE4B-44CB-9207-2313A8ABF77C}.Debug|x86.Build.0 = Debug|Any CPU
		{B822AEA3-AE4B-44CB-9207-2313A8ABF77C}.Release|Any CPU.ActiveCfg = Release|Any CPU
		{B822AEA3-AE4B-44CB-9207-2313A8ABF77C}.Release|Any CPU.Build.0 = Release|Any CPU
		{B822AEA3-AE4B-44CB-9207-2313A8ABF77C}.Release|ARM.ActiveCfg = Release|Any CPU
		{B822AEA3-AE4B-44CB-9207-2313A8ABF77C}.Release|ARM.Build.0 = Release|Any CPU
		{B822AEA3-AE4B-44CB-9207-2313A8ABF77C}.Release|iPhone.ActiveCfg = Release|Any CPU
		{B822AEA3-AE4B-44CB-9207-2313A8ABF77C}.Release|iPhone.Build.0 = Release|Any CPU
		{B822AEA3-AE4B-44CB-9207-2313A8ABF77C}.Release|iPhoneSimulator.ActiveCfg = Release|Any CPU
		{B822AEA3-AE4B-44CB-9207-2313A8ABF77C}.Release|iPhoneSimulator.Build.0 = Release|Any CPU
		{B822AEA3-AE4B-44CB-9207-2313A8ABF77C}.Release|x64.ActiveCfg = Release|Any CPU
		{B822AEA3-AE4B-44CB-9207-2313A8ABF77C}.Release|x64.Build.0 = Release|Any CPU
		{B822AEA3-AE4B-44CB-9207-2313A8ABF77C}.Release|x86.ActiveCfg = Release|Any CPU
		{B822AEA3-AE4B-44CB-9207-2313A8ABF77C}.Release|x86.Build.0 = Release|Any CPU
		{6A91C6E6-BAB1-4E43-AF98-CC98A7F19097}.Ad-Hoc|Any CPU.ActiveCfg = Release|Any CPU
		{6A91C6E6-BAB1-4E43-AF98-CC98A7F19097}.Ad-Hoc|Any CPU.Build.0 = Release|Any CPU
		{6A91C6E6-BAB1-4E43-AF98-CC98A7F19097}.Ad-Hoc|Any CPU.Deploy.0 = Release|Any CPU
		{6A91C6E6-BAB1-4E43-AF98-CC98A7F19097}.Ad-Hoc|ARM.ActiveCfg = Release|Any CPU
		{6A91C6E6-BAB1-4E43-AF98-CC98A7F19097}.Ad-Hoc|ARM.Build.0 = Release|Any CPU
		{6A91C6E6-BAB1-4E43-AF98-CC98A7F19097}.Ad-Hoc|ARM.Deploy.0 = Release|Any CPU
		{6A91C6E6-BAB1-4E43-AF98-CC98A7F19097}.Ad-Hoc|iPhone.ActiveCfg = Release|Any CPU
		{6A91C6E6-BAB1-4E43-AF98-CC98A7F19097}.Ad-Hoc|iPhone.Build.0 = Release|Any CPU
		{6A91C6E6-BAB1-4E43-AF98-CC98A7F19097}.Ad-Hoc|iPhone.Deploy.0 = Release|Any CPU
		{6A91C6E6-BAB1-4E43-AF98-CC98A7F19097}.Ad-Hoc|iPhoneSimulator.ActiveCfg = Release|Any CPU
		{6A91C6E6-BAB1-4E43-AF98-CC98A7F19097}.Ad-Hoc|iPhoneSimulator.Build.0 = Release|Any CPU
		{6A91C6E6-BAB1-4E43-AF98-CC98A7F19097}.Ad-Hoc|iPhoneSimulator.Deploy.0 = Release|Any CPU
		{6A91C6E6-BAB1-4E43-AF98-CC98A7F19097}.Ad-Hoc|x64.ActiveCfg = Release|Any CPU
		{6A91C6E6-BAB1-4E43-AF98-CC98A7F19097}.Ad-Hoc|x64.Build.0 = Release|Any CPU
		{6A91C6E6-BAB1-4E43-AF98-CC98A7F19097}.Ad-Hoc|x64.Deploy.0 = Release|Any CPU
		{6A91C6E6-BAB1-4E43-AF98-CC98A7F19097}.Ad-Hoc|x86.ActiveCfg = Release|Any CPU
		{6A91C6E6-BAB1-4E43-AF98-CC98A7F19097}.Ad-Hoc|x86.Build.0 = Release|Any CPU
		{6A91C6E6-BAB1-4E43-AF98-CC98A7F19097}.Ad-Hoc|x86.Deploy.0 = Release|Any CPU
		{6A91C6E6-BAB1-4E43-AF98-CC98A7F19097}.AppStore|Any CPU.ActiveCfg = Release|Any CPU
		{6A91C6E6-BAB1-4E43-AF98-CC98A7F19097}.AppStore|Any CPU.Build.0 = Release|Any CPU
		{6A91C6E6-BAB1-4E43-AF98-CC98A7F19097}.AppStore|Any CPU.Deploy.0 = Release|Any CPU
		{6A91C6E6-BAB1-4E43-AF98-CC98A7F19097}.AppStore|ARM.ActiveCfg = Release|Any CPU
		{6A91C6E6-BAB1-4E43-AF98-CC98A7F19097}.AppStore|ARM.Build.0 = Release|Any CPU
		{6A91C6E6-BAB1-4E43-AF98-CC98A7F19097}.AppStore|ARM.Deploy.0 = Release|Any CPU
		{6A91C6E6-BAB1-4E43-AF98-CC98A7F19097}.AppStore|iPhone.ActiveCfg = Release|Any CPU
		{6A91C6E6-BAB1-4E43-AF98-CC98A7F19097}.AppStore|iPhone.Build.0 = Release|Any CPU
		{6A91C6E6-BAB1-4E43-AF98-CC98A7F19097}.AppStore|iPhone.Deploy.0 = Release|Any CPU
		{6A91C6E6-BAB1-4E43-AF98-CC98A7F19097}.AppStore|iPhoneSimulator.ActiveCfg = Release|Any CPU
		{6A91C6E6-BAB1-4E43-AF98-CC98A7F19097}.AppStore|iPhoneSimulator.Build.0 = Release|Any CPU
		{6A91C6E6-BAB1-4E43-AF98-CC98A7F19097}.AppStore|iPhoneSimulator.Deploy.0 = Release|Any CPU
		{6A91C6E6-BAB1-4E43-AF98-CC98A7F19097}.AppStore|x64.ActiveCfg = Release|Any CPU
		{6A91C6E6-BAB1-4E43-AF98-CC98A7F19097}.AppStore|x64.Build.0 = Release|Any CPU
		{6A91C6E6-BAB1-4E43-AF98-CC98A7F19097}.AppStore|x64.Deploy.0 = Release|Any CPU
		{6A91C6E6-BAB1-4E43-AF98-CC98A7F19097}.AppStore|x86.ActiveCfg = Release|Any CPU
		{6A91C6E6-BAB1-4E43-AF98-CC98A7F19097}.AppStore|x86.Build.0 = Release|Any CPU
		{6A91C6E6-BAB1-4E43-AF98-CC98A7F19097}.AppStore|x86.Deploy.0 = Release|Any CPU
		{6A91C6E6-BAB1-4E43-AF98-CC98A7F19097}.Debug|Any CPU.ActiveCfg = Debug|Any CPU
		{6A91C6E6-BAB1-4E43-AF98-CC98A7F19097}.Debug|Any CPU.Build.0 = Debug|Any CPU
		{6A91C6E6-BAB1-4E43-AF98-CC98A7F19097}.Debug|Any CPU.Deploy.0 = Debug|Any CPU
		{6A91C6E6-BAB1-4E43-AF98-CC98A7F19097}.Debug|ARM.ActiveCfg = Debug|Any CPU
		{6A91C6E6-BAB1-4E43-AF98-CC98A7F19097}.Debug|ARM.Build.0 = Debug|Any CPU
		{6A91C6E6-BAB1-4E43-AF98-CC98A7F19097}.Debug|ARM.Deploy.0 = Debug|Any CPU
		{6A91C6E6-BAB1-4E43-AF98-CC98A7F19097}.Debug|iPhone.ActiveCfg = Debug|Any CPU
		{6A91C6E6-BAB1-4E43-AF98-CC98A7F19097}.Debug|iPhone.Build.0 = Debug|Any CPU
		{6A91C6E6-BAB1-4E43-AF98-CC98A7F19097}.Debug|iPhone.Deploy.0 = Debug|Any CPU
		{6A91C6E6-BAB1-4E43-AF98-CC98A7F19097}.Debug|iPhoneSimulator.ActiveCfg = Debug|Any CPU
		{6A91C6E6-BAB1-4E43-AF98-CC98A7F19097}.Debug|iPhoneSimulator.Build.0 = Debug|Any CPU
		{6A91C6E6-BAB1-4E43-AF98-CC98A7F19097}.Debug|iPhoneSimulator.Deploy.0 = Debug|Any CPU
		{6A91C6E6-BAB1-4E43-AF98-CC98A7F19097}.Debug|x64.ActiveCfg = Debug|Any CPU
		{6A91C6E6-BAB1-4E43-AF98-CC98A7F19097}.Debug|x64.Build.0 = Debug|Any CPU
		{6A91C6E6-BAB1-4E43-AF98-CC98A7F19097}.Debug|x64.Deploy.0 = Debug|Any CPU
		{6A91C6E6-BAB1-4E43-AF98-CC98A7F19097}.Debug|x86.ActiveCfg = Debug|Any CPU
		{6A91C6E6-BAB1-4E43-AF98-CC98A7F19097}.Debug|x86.Build.0 = Debug|Any CPU
		{6A91C6E6-BAB1-4E43-AF98-CC98A7F19097}.Debug|x86.Deploy.0 = Debug|Any CPU
		{6A91C6E6-BAB1-4E43-AF98-CC98A7F19097}.Release|Any CPU.ActiveCfg = Release|Any CPU
		{6A91C6E6-BAB1-4E43-AF98-CC98A7F19097}.Release|Any CPU.Build.0 = Release|Any CPU
		{6A91C6E6-BAB1-4E43-AF98-CC98A7F19097}.Release|Any CPU.Deploy.0 = Release|Any CPU
		{6A91C6E6-BAB1-4E43-AF98-CC98A7F19097}.Release|ARM.ActiveCfg = Release|Any CPU
		{6A91C6E6-BAB1-4E43-AF98-CC98A7F19097}.Release|ARM.Build.0 = Release|Any CPU
		{6A91C6E6-BAB1-4E43-AF98-CC98A7F19097}.Release|ARM.Deploy.0 = Release|Any CPU
		{6A91C6E6-BAB1-4E43-AF98-CC98A7F19097}.Release|iPhone.ActiveCfg = Release|Any CPU
		{6A91C6E6-BAB1-4E43-AF98-CC98A7F19097}.Release|iPhone.Build.0 = Release|Any CPU
		{6A91C6E6-BAB1-4E43-AF98-CC98A7F19097}.Release|iPhone.Deploy.0 = Release|Any CPU
		{6A91C6E6-BAB1-4E43-AF98-CC98A7F19097}.Release|iPhoneSimulator.ActiveCfg = Release|Any CPU
		{6A91C6E6-BAB1-4E43-AF98-CC98A7F19097}.Release|iPhoneSimulator.Build.0 = Release|Any CPU
		{6A91C6E6-BAB1-4E43-AF98-CC98A7F19097}.Release|iPhoneSimulator.Deploy.0 = Release|Any CPU
		{6A91C6E6-BAB1-4E43-AF98-CC98A7F19097}.Release|x64.ActiveCfg = Release|Any CPU
		{6A91C6E6-BAB1-4E43-AF98-CC98A7F19097}.Release|x64.Build.0 = Release|Any CPU
		{6A91C6E6-BAB1-4E43-AF98-CC98A7F19097}.Release|x64.Deploy.0 = Release|Any CPU
		{6A91C6E6-BAB1-4E43-AF98-CC98A7F19097}.Release|x86.ActiveCfg = Release|Any CPU
		{6A91C6E6-BAB1-4E43-AF98-CC98A7F19097}.Release|x86.Build.0 = Release|Any CPU
		{6A91C6E6-BAB1-4E43-AF98-CC98A7F19097}.Release|x86.Deploy.0 = Release|Any CPU
		{5D520995-BD82-47DC-A558-D3F797732BBE}.Ad-Hoc|Any CPU.ActiveCfg = Release|x86
		{5D520995-BD82-47DC-A558-D3F797732BBE}.Ad-Hoc|Any CPU.Build.0 = Release|x86
		{5D520995-BD82-47DC-A558-D3F797732BBE}.Ad-Hoc|Any CPU.Deploy.0 = Release|x86
		{5D520995-BD82-47DC-A558-D3F797732BBE}.Ad-Hoc|ARM.ActiveCfg = Release|ARM
		{5D520995-BD82-47DC-A558-D3F797732BBE}.Ad-Hoc|ARM.Build.0 = Release|ARM
		{5D520995-BD82-47DC-A558-D3F797732BBE}.Ad-Hoc|ARM.Deploy.0 = Release|ARM
		{5D520995-BD82-47DC-A558-D3F797732BBE}.Ad-Hoc|iPhone.ActiveCfg = Release|x86
		{5D520995-BD82-47DC-A558-D3F797732BBE}.Ad-Hoc|iPhone.Build.0 = Release|x86
		{5D520995-BD82-47DC-A558-D3F797732BBE}.Ad-Hoc|iPhone.Deploy.0 = Release|x86
		{5D520995-BD82-47DC-A558-D3F797732BBE}.Ad-Hoc|iPhoneSimulator.ActiveCfg = Release|x86
		{5D520995-BD82-47DC-A558-D3F797732BBE}.Ad-Hoc|iPhoneSimulator.Build.0 = Release|x86
		{5D520995-BD82-47DC-A558-D3F797732BBE}.Ad-Hoc|iPhoneSimulator.Deploy.0 = Release|x86
		{5D520995-BD82-47DC-A558-D3F797732BBE}.Ad-Hoc|x64.ActiveCfg = Release|x64
		{5D520995-BD82-47DC-A558-D3F797732BBE}.Ad-Hoc|x64.Build.0 = Release|x64
		{5D520995-BD82-47DC-A558-D3F797732BBE}.Ad-Hoc|x64.Deploy.0 = Release|x64
		{5D520995-BD82-47DC-A558-D3F797732BBE}.Ad-Hoc|x86.ActiveCfg = Release|x86
		{5D520995-BD82-47DC-A558-D3F797732BBE}.Ad-Hoc|x86.Build.0 = Release|x86
		{5D520995-BD82-47DC-A558-D3F797732BBE}.Ad-Hoc|x86.Deploy.0 = Release|x86
		{5D520995-BD82-47DC-A558-D3F797732BBE}.AppStore|Any CPU.ActiveCfg = Release|x86
		{5D520995-BD82-47DC-A558-D3F797732BBE}.AppStore|Any CPU.Build.0 = Release|x86
		{5D520995-BD82-47DC-A558-D3F797732BBE}.AppStore|Any CPU.Deploy.0 = Release|x86
		{5D520995-BD82-47DC-A558-D3F797732BBE}.AppStore|ARM.ActiveCfg = Release|ARM
		{5D520995-BD82-47DC-A558-D3F797732BBE}.AppStore|ARM.Build.0 = Release|ARM
		{5D520995-BD82-47DC-A558-D3F797732BBE}.AppStore|ARM.Deploy.0 = Release|ARM
		{5D520995-BD82-47DC-A558-D3F797732BBE}.AppStore|iPhone.ActiveCfg = Release|x86
		{5D520995-BD82-47DC-A558-D3F797732BBE}.AppStore|iPhone.Build.0 = Release|x86
		{5D520995-BD82-47DC-A558-D3F797732BBE}.AppStore|iPhone.Deploy.0 = Release|x86
		{5D520995-BD82-47DC-A558-D3F797732BBE}.AppStore|iPhoneSimulator.ActiveCfg = Release|x86
		{5D520995-BD82-47DC-A558-D3F797732BBE}.AppStore|iPhoneSimulator.Build.0 = Release|x86
		{5D520995-BD82-47DC-A558-D3F797732BBE}.AppStore|iPhoneSimulator.Deploy.0 = Release|x86
		{5D520995-BD82-47DC-A558-D3F797732BBE}.AppStore|x64.ActiveCfg = Release|x64
		{5D520995-BD82-47DC-A558-D3F797732BBE}.AppStore|x64.Build.0 = Release|x64
		{5D520995-BD82-47DC-A558-D3F797732BBE}.AppStore|x64.Deploy.0 = Release|x64
		{5D520995-BD82-47DC-A558-D3F797732BBE}.AppStore|x86.ActiveCfg = Release|x86
		{5D520995-BD82-47DC-A558-D3F797732BBE}.AppStore|x86.Build.0 = Release|x86
		{5D520995-BD82-47DC-A558-D3F797732BBE}.AppStore|x86.Deploy.0 = Release|x86
		{5D520995-BD82-47DC-A558-D3F797732BBE}.Debug|Any CPU.ActiveCfg = Debug|x86
		{5D520995-BD82-47DC-A558-D3F797732BBE}.Debug|ARM.ActiveCfg = Debug|ARM
		{5D520995-BD82-47DC-A558-D3F797732BBE}.Debug|ARM.Build.0 = Debug|ARM
		{5D520995-BD82-47DC-A558-D3F797732BBE}.Debug|ARM.Deploy.0 = Debug|ARM
		{5D520995-BD82-47DC-A558-D3F797732BBE}.Debug|iPhone.ActiveCfg = Debug|x86
		{5D520995-BD82-47DC-A558-D3F797732BBE}.Debug|iPhoneSimulator.ActiveCfg = Debug|x86
		{5D520995-BD82-47DC-A558-D3F797732BBE}.Debug|x64.ActiveCfg = Debug|x64
		{5D520995-BD82-47DC-A558-D3F797732BBE}.Debug|x64.Build.0 = Debug|x64
		{5D520995-BD82-47DC-A558-D3F797732BBE}.Debug|x64.Deploy.0 = Debug|x64
		{5D520995-BD82-47DC-A558-D3F797732BBE}.Debug|x86.ActiveCfg = Debug|x86
		{5D520995-BD82-47DC-A558-D3F797732BBE}.Debug|x86.Build.0 = Debug|x86
		{5D520995-BD82-47DC-A558-D3F797732BBE}.Debug|x86.Deploy.0 = Debug|x86
		{5D520995-BD82-47DC-A558-D3F797732BBE}.Release|Any CPU.ActiveCfg = Release|x86
		{5D520995-BD82-47DC-A558-D3F797732BBE}.Release|ARM.ActiveCfg = Release|ARM
		{5D520995-BD82-47DC-A558-D3F797732BBE}.Release|ARM.Build.0 = Release|ARM
		{5D520995-BD82-47DC-A558-D3F797732BBE}.Release|ARM.Deploy.0 = Release|ARM
		{5D520995-BD82-47DC-A558-D3F797732BBE}.Release|iPhone.ActiveCfg = Release|x86
		{5D520995-BD82-47DC-A558-D3F797732BBE}.Release|iPhoneSimulator.ActiveCfg = Release|x86
		{5D520995-BD82-47DC-A558-D3F797732BBE}.Release|x64.ActiveCfg = Release|x64
		{5D520995-BD82-47DC-A558-D3F797732BBE}.Release|x64.Build.0 = Release|x64
		{5D520995-BD82-47DC-A558-D3F797732BBE}.Release|x64.Deploy.0 = Release|x64
		{5D520995-BD82-47DC-A558-D3F797732BBE}.Release|x86.ActiveCfg = Release|x86
		{5D520995-BD82-47DC-A558-D3F797732BBE}.Release|x86.Build.0 = Release|x86
		{5D520995-BD82-47DC-A558-D3F797732BBE}.Release|x86.Deploy.0 = Release|x86
		{929157D0-B568-4C0E-A4FE-F0005486A73C}.Ad-Hoc|Any CPU.ActiveCfg = Ad-Hoc|iPhoneSimulator
		{929157D0-B568-4C0E-A4FE-F0005486A73C}.Ad-Hoc|ARM.ActiveCfg = Ad-Hoc|iPhone
		{929157D0-B568-4C0E-A4FE-F0005486A73C}.Ad-Hoc|iPhone.ActiveCfg = Ad-Hoc|iPhone
		{929157D0-B568-4C0E-A4FE-F0005486A73C}.Ad-Hoc|iPhone.Build.0 = Ad-Hoc|iPhone
		{929157D0-B568-4C0E-A4FE-F0005486A73C}.Ad-Hoc|iPhoneSimulator.ActiveCfg = Ad-Hoc|iPhoneSimulator
		{929157D0-B568-4C0E-A4FE-F0005486A73C}.Ad-Hoc|iPhoneSimulator.Build.0 = Ad-Hoc|iPhoneSimulator
		{929157D0-B568-4C0E-A4FE-F0005486A73C}.Ad-Hoc|x64.ActiveCfg = Ad-Hoc|iPhone
		{929157D0-B568-4C0E-A4FE-F0005486A73C}.Ad-Hoc|x86.ActiveCfg = Ad-Hoc|iPhone
		{929157D0-B568-4C0E-A4FE-F0005486A73C}.AppStore|Any CPU.ActiveCfg = AppStore|iPhoneSimulator
		{929157D0-B568-4C0E-A4FE-F0005486A73C}.AppStore|ARM.ActiveCfg = AppStore|iPhone
		{929157D0-B568-4C0E-A4FE-F0005486A73C}.AppStore|iPhone.ActiveCfg = AppStore|iPhone
		{929157D0-B568-4C0E-A4FE-F0005486A73C}.AppStore|iPhone.Build.0 = AppStore|iPhone
		{929157D0-B568-4C0E-A4FE-F0005486A73C}.AppStore|iPhoneSimulator.ActiveCfg = AppStore|iPhoneSimulator
		{929157D0-B568-4C0E-A4FE-F0005486A73C}.AppStore|iPhoneSimulator.Build.0 = AppStore|iPhoneSimulator
		{929157D0-B568-4C0E-A4FE-F0005486A73C}.AppStore|x64.ActiveCfg = AppStore|iPhone
		{929157D0-B568-4C0E-A4FE-F0005486A73C}.AppStore|x86.ActiveCfg = AppStore|iPhone
		{929157D0-B568-4C0E-A4FE-F0005486A73C}.Debug|Any CPU.ActiveCfg = Debug|iPhoneSimulator
		{929157D0-B568-4C0E-A4FE-F0005486A73C}.Debug|ARM.ActiveCfg = Debug|iPhone
		{929157D0-B568-4C0E-A4FE-F0005486A73C}.Debug|iPhone.ActiveCfg = Debug|iPhone
		{929157D0-B568-4C0E-A4FE-F0005486A73C}.Debug|iPhone.Build.0 = Debug|iPhone
		{929157D0-B568-4C0E-A4FE-F0005486A73C}.Debug|iPhoneSimulator.ActiveCfg = Debug|iPhoneSimulator
		{929157D0-B568-4C0E-A4FE-F0005486A73C}.Debug|iPhoneSimulator.Build.0 = Debug|iPhoneSimulator
		{929157D0-B568-4C0E-A4FE-F0005486A73C}.Debug|x64.ActiveCfg = Debug|iPhone
		{929157D0-B568-4C0E-A4FE-F0005486A73C}.Debug|x86.ActiveCfg = Debug|iPhone
		{929157D0-B568-4C0E-A4FE-F0005486A73C}.Release|Any CPU.ActiveCfg = Release|iPhoneSimulator
		{929157D0-B568-4C0E-A4FE-F0005486A73C}.Release|ARM.ActiveCfg = Release|iPhone
		{929157D0-B568-4C0E-A4FE-F0005486A73C}.Release|iPhone.ActiveCfg = Release|iPhone
		{929157D0-B568-4C0E-A4FE-F0005486A73C}.Release|iPhone.Build.0 = Release|iPhone
		{929157D0-B568-4C0E-A4FE-F0005486A73C}.Release|iPhoneSimulator.ActiveCfg = Release|iPhoneSimulator
		{929157D0-B568-4C0E-A4FE-F0005486A73C}.Release|iPhoneSimulator.Build.0 = Release|iPhoneSimulator
		{929157D0-B568-4C0E-A4FE-F0005486A73C}.Release|x64.ActiveCfg = Release|iPhone
		{929157D0-B568-4C0E-A4FE-F0005486A73C}.Release|x86.ActiveCfg = Release|iPhone
		{2954AE8E-524B-4482-BC74-B9DDA0BB9DFB}.Ad-Hoc|Any CPU.ActiveCfg = Debug|Any CPU
		{2954AE8E-524B-4482-BC74-B9DDA0BB9DFB}.Ad-Hoc|Any CPU.Build.0 = Debug|Any CPU
		{2954AE8E-524B-4482-BC74-B9DDA0BB9DFB}.Ad-Hoc|ARM.ActiveCfg = Debug|Any CPU
		{2954AE8E-524B-4482-BC74-B9DDA0BB9DFB}.Ad-Hoc|ARM.Build.0 = Debug|Any CPU
		{2954AE8E-524B-4482-BC74-B9DDA0BB9DFB}.Ad-Hoc|iPhone.ActiveCfg = Debug|Any CPU
		{2954AE8E-524B-4482-BC74-B9DDA0BB9DFB}.Ad-Hoc|iPhone.Build.0 = Debug|Any CPU
		{2954AE8E-524B-4482-BC74-B9DDA0BB9DFB}.Ad-Hoc|iPhoneSimulator.ActiveCfg = Debug|Any CPU
		{2954AE8E-524B-4482-BC74-B9DDA0BB9DFB}.Ad-Hoc|iPhoneSimulator.Build.0 = Debug|Any CPU
		{2954AE8E-524B-4482-BC74-B9DDA0BB9DFB}.Ad-Hoc|x64.ActiveCfg = Debug|Any CPU
		{2954AE8E-524B-4482-BC74-B9DDA0BB9DFB}.Ad-Hoc|x64.Build.0 = Debug|Any CPU
		{2954AE8E-524B-4482-BC74-B9DDA0BB9DFB}.Ad-Hoc|x86.ActiveCfg = Debug|Any CPU
		{2954AE8E-524B-4482-BC74-B9DDA0BB9DFB}.Ad-Hoc|x86.Build.0 = Debug|Any CPU
		{2954AE8E-524B-4482-BC74-B9DDA0BB9DFB}.AppStore|Any CPU.ActiveCfg = Debug|Any CPU
		{2954AE8E-524B-4482-BC74-B9DDA0BB9DFB}.AppStore|Any CPU.Build.0 = Debug|Any CPU
		{2954AE8E-524B-4482-BC74-B9DDA0BB9DFB}.AppStore|ARM.ActiveCfg = Debug|Any CPU
		{2954AE8E-524B-4482-BC74-B9DDA0BB9DFB}.AppStore|ARM.Build.0 = Debug|Any CPU
		{2954AE8E-524B-4482-BC74-B9DDA0BB9DFB}.AppStore|iPhone.ActiveCfg = Debug|Any CPU
		{2954AE8E-524B-4482-BC74-B9DDA0BB9DFB}.AppStore|iPhone.Build.0 = Debug|Any CPU
		{2954AE8E-524B-4482-BC74-B9DDA0BB9DFB}.AppStore|iPhoneSimulator.ActiveCfg = Debug|Any CPU
		{2954AE8E-524B-4482-BC74-B9DDA0BB9DFB}.AppStore|iPhoneSimulator.Build.0 = Debug|Any CPU
		{2954AE8E-524B-4482-BC74-B9DDA0BB9DFB}.AppStore|x64.ActiveCfg = Debug|Any CPU
		{2954AE8E-524B-4482-BC74-B9DDA0BB9DFB}.AppStore|x64.Build.0 = Debug|Any CPU
		{2954AE8E-524B-4482-BC74-B9DDA0BB9DFB}.AppStore|x86.ActiveCfg = Debug|Any CPU
		{2954AE8E-524B-4482-BC74-B9DDA0BB9DFB}.AppStore|x86.Build.0 = Debug|Any CPU
		{2954AE8E-524B-4482-BC74-B9DDA0BB9DFB}.Debug|Any CPU.ActiveCfg = Debug|Any CPU
		{2954AE8E-524B-4482-BC74-B9DDA0BB9DFB}.Debug|Any CPU.Build.0 = Debug|Any CPU
		{2954AE8E-524B-4482-BC74-B9DDA0BB9DFB}.Debug|ARM.ActiveCfg = Debug|Any CPU
		{2954AE8E-524B-4482-BC74-B9DDA0BB9DFB}.Debug|ARM.Build.0 = Debug|Any CPU
		{2954AE8E-524B-4482-BC74-B9DDA0BB9DFB}.Debug|iPhone.ActiveCfg = Debug|Any CPU
		{2954AE8E-524B-4482-BC74-B9DDA0BB9DFB}.Debug|iPhone.Build.0 = Debug|Any CPU
		{2954AE8E-524B-4482-BC74-B9DDA0BB9DFB}.Debug|iPhoneSimulator.ActiveCfg = Debug|Any CPU
		{2954AE8E-524B-4482-BC74-B9DDA0BB9DFB}.Debug|iPhoneSimulator.Build.0 = Debug|Any CPU
		{2954AE8E-524B-4482-BC74-B9DDA0BB9DFB}.Debug|x64.ActiveCfg = Debug|Any CPU
		{2954AE8E-524B-4482-BC74-B9DDA0BB9DFB}.Debug|x64.Build.0 = Debug|Any CPU
		{2954AE8E-524B-4482-BC74-B9DDA0BB9DFB}.Debug|x86.ActiveCfg = Debug|Any CPU
		{2954AE8E-524B-4482-BC74-B9DDA0BB9DFB}.Debug|x86.Build.0 = Debug|Any CPU
		{2954AE8E-524B-4482-BC74-B9DDA0BB9DFB}.Release|Any CPU.ActiveCfg = Release|Any CPU
		{2954AE8E-524B-4482-BC74-B9DDA0BB9DFB}.Release|Any CPU.Build.0 = Release|Any CPU
		{2954AE8E-524B-4482-BC74-B9DDA0BB9DFB}.Release|ARM.ActiveCfg = Release|Any CPU
		{2954AE8E-524B-4482-BC74-B9DDA0BB9DFB}.Release|ARM.Build.0 = Release|Any CPU
		{2954AE8E-524B-4482-BC74-B9DDA0BB9DFB}.Release|iPhone.ActiveCfg = Release|Any CPU
		{2954AE8E-524B-4482-BC74-B9DDA0BB9DFB}.Release|iPhone.Build.0 = Release|Any CPU
		{2954AE8E-524B-4482-BC74-B9DDA0BB9DFB}.Release|iPhoneSimulator.ActiveCfg = Release|Any CPU
		{2954AE8E-524B-4482-BC74-B9DDA0BB9DFB}.Release|iPhoneSimulator.Build.0 = Release|Any CPU
		{2954AE8E-524B-4482-BC74-B9DDA0BB9DFB}.Release|x64.ActiveCfg = Release|Any CPU
		{2954AE8E-524B-4482-BC74-B9DDA0BB9DFB}.Release|x64.Build.0 = Release|Any CPU
		{2954AE8E-524B-4482-BC74-B9DDA0BB9DFB}.Release|x86.ActiveCfg = Release|Any CPU
		{2954AE8E-524B-4482-BC74-B9DDA0BB9DFB}.Release|x86.Build.0 = Release|Any CPU
	EndGlobalSection
	GlobalSection(SolutionProperties) = preSolution
		HideSolutionNode = FALSE
	EndGlobalSection
	GlobalSection(NestedProjects) = preSolution
		{6A91C6E6-BAB1-4E43-AF98-CC98A7F19097} = {4237AFB6-0238-4ED5-B19E-DE1108109998}
		{5D520995-BD82-47DC-A558-D3F797732BBE} = {4237AFB6-0238-4ED5-B19E-DE1108109998}
		{929157D0-B568-4C0E-A4FE-F0005486A73C} = {4237AFB6-0238-4ED5-B19E-DE1108109998}
		{2954AE8E-524B-4482-BC74-B9DDA0BB9DFB} = {4237AFB6-0238-4ED5-B19E-DE1108109998}
	EndGlobalSection
	GlobalSection(ExtensibilityGlobals) = postSolution
		SolutionGuid = {CFE980B1-D5A0-4AE4-9D78-70DE436363E1}
	EndGlobalSection
EndGlobal
