
Microsoft Visual Studio Solution File, Format Version 12.00
# Visual Studio 15
VisualStudioVersion = 15.0.27009.1
MinimumVisualStudioVersion = 10.0.40219.1
Project("{9A19103F-16F7-4668-BE54-9A1E7A4F7556}") = "Indigo.Core", "Indigo.Core\Indigo.Core.csproj", "{FFFD129E-3829-4128-B57E-F0FA39DAE064}"
EndProject
Project("{9A19103F-16F7-4668-BE54-9A1E7A4F7556}") = "Indigo.Client.Core", "Indigo.Client\Indigo.Client.Core\Indigo.Client.Core.csproj", "{36415DA9-F47B-455E-8E63-C6932D5024D1}"
EndProject
Project("{2150E333-8FDC-42A3-9474-1A3956D46DE8}") = "Client", "Client", "{992C260C-CC51-4CE6-8D79-537AE0BA93A9}"
EndProject
Project("{9A19103F-16F7-4668-BE54-9A1E7A4F7556}") = "Indigo.Server", "Indigo.Server\Indigo.Server.csproj", "{C66C4BCC-FC2C-4996-B571-AB5FCB45CC8C}"
EndProject
Project("{FAE04EC0-301F-11D3-BF4B-00C04F79EFBC}") = "Indigo.Client.UWP", "Indigo.Client\Indigo.Client.UWP\Indigo.Client.UWP.csproj", "{5D520995-BD82-47DC-A558-D3F797732BBE}"
EndProject
Global
	GlobalSection(SolutionConfigurationPlatforms) = preSolution
		Ad-Hoc|Any CPU = Ad-Hoc|Any CPU
		Ad-Hoc|ARM = Ad-Hoc|ARM
		Ad-Hoc|iPhone = Ad-Hoc|iPhone
		Ad-Hoc|iPhoneSimulator = Ad-Hoc|iPhoneSimulator
		Ad-Hoc|x64 = Ad-Hoc|x64
		Ad-Hoc|x86 = Ad-Hoc|x86
		AppStore|Any CPU = AppStore|Any CPU
		AppStore|ARM = AppStore|ARM
		AppStore|iPhone = AppStore|iPhone
		AppStore|iPhoneSimulator = AppStore|iPhoneSimulator
		AppStore|x64 = AppStore|x64
		AppStore|x86 = AppStore|x86
		Debug|Any CPU = Debug|Any CPU
		Debug|ARM = Debug|ARM
		Debug|iPhone = Debug|iPhone
		Debug|iPhoneSimulator = Debug|iPhoneSimulator
		Debug|x64 = Debug|x64
		Debug|x86 = Debug|x86
		Release|Any CPU = Release|Any CPU
		Release|ARM = Release|ARM
		Release|iPhone = Release|iPhone
		Release|iPhoneSimulator = Release|iPhoneSimulator
		Release|x64 = Release|x64
		Release|x86 = Release|x86
	EndGlobalSection
	GlobalSection(ProjectConfigurationPlatforms) = postSolution
		{FFFD129E-3829-4128-B57E-F0FA39DAE064}.Ad-Hoc|Any CPU.ActiveCfg = Release|Any CPU
		{FFFD129E-3829-4128-B57E-F0FA39DAE064}.Ad-Hoc|Any CPU.Build.0 = Release|Any CPU
		{FFFD129E-3829-4128-B57E-F0FA39DAE064}.Ad-Hoc|ARM.ActiveCfg = Release|Any CPU
		{FFFD129E-3829-4128-B57E-F0FA39DAE064}.Ad-Hoc|ARM.Build.0 = Release|Any CPU
		{FFFD129E-3829-4128-B57E-F0FA39DAE064}.Ad-Hoc|iPhone.ActiveCfg = Release|Any CPU
		{FFFD129E-3829-4128-B57E-F0FA39DAE064}.Ad-Hoc|iPhone.Build.0 = Release|Any CPU
		{FFFD129E-3829-4128-B57E-F0FA39DAE064}.Ad-Hoc|iPhoneSimulator.ActiveCfg = Release|Any CPU
		{FFFD129E-3829-4128-B57E-F0FA39DAE064}.Ad-Hoc|iPhoneSimulator.Build.0 = Release|Any CPU
		{FFFD129E-3829-4128-B57E-F0FA39DAE064}.Ad-Hoc|x64.ActiveCfg = Release|Any CPU
		{FFFD129E-3829-4128-B57E-F0FA39DAE064}.Ad-Hoc|x64.Build.0 = Release|Any CPU
		{FFFD129E-3829-4128-B57E-F0FA39DAE064}.Ad-Hoc|x86.ActiveCfg = Release|Any CPU
		{FFFD129E-3829-4128-B57E-F0FA39DAE064}.Ad-Hoc|x86.Build.0 = Release|Any CPU
		{FFFD129E-3829-4128-B57E-F0FA39DAE064}.AppStore|Any CPU.ActiveCfg = Release|Any CPU
		{FFFD129E-3829-4128-B57E-F0FA39DAE064}.AppStore|Any CPU.Build.0 = Release|Any CPU
		{FFFD129E-3829-4128-B57E-F0FA39DAE064}.AppStore|ARM.ActiveCfg = Release|Any CPU
		{FFFD129E-3829-4128-B57E-F0FA39DAE064}.AppStore|ARM.Build.0 = Release|Any CPU
		{FFFD129E-3829-4128-B57E-F0FA39DAE064}.AppStore|iPhone.ActiveCfg = Release|Any CPU
		{FFFD129E-3829-4128-B57E-F0FA39DAE064}.AppStore|iPhone.Build.0 = Release|Any CPU
		{FFFD129E-3829-4128-B57E-F0FA39DAE064}.AppStore|iPhoneSimulator.ActiveCfg = Release|Any CPU
		{FFFD129E-3829-4128-B57E-F0FA39DAE064}.AppStore|iPhoneSimulator.Build.0 = Release|Any CPU
		{FFFD129E-3829-4128-B57E-F0FA39DAE064}.AppStore|x64.ActiveCfg = Release|Any CPU
		{FFFD129E-3829-4128-B57E-F0FA39DAE064}.AppStore|x64.Build.0 = Release|Any CPU
		{FFFD129E-3829-4128-B57E-F0FA39DAE064}.AppStore|x86.ActiveCfg = Release|Any CPU
		{FFFD129E-3829-4128-B57E-F0FA39DAE064}.AppStore|x86.Build.0 = Release|Any CPU
		{FFFD129E-3829-4128-B57E-F0FA39DAE064}.Debug|Any CPU.ActiveCfg = Debug|Any CPU
		{FFFD129E-3829-4128-B57E-F0FA39DAE064}.Debug|Any CPU.Build.0 = Debug|Any CPU
		{FFFD129E-3829-4128-B57E-F0FA39DAE064}.Debug|ARM.ActiveCfg = Debug|Any CPU
		{FFFD129E-3829-4128-B57E-F0FA39DAE064}.Debug|ARM.Build.0 = Debug|Any CPU
		{FFFD129E-3829-4128-B57E-F0FA39DAE064}.Debug|iPhone.ActiveCfg = Debug|Any CPU
		{FFFD129E-3829-4128-B57E-F0FA39DAE064}.Debug|iPhone.Build.0 = Debug|Any CPU
		{FFFD129E-3829-4128-B57E-F0FA39DAE064}.Debug|iPhoneSimulator.ActiveCfg = Debug|Any CPU
		{FFFD129E-3829-4128-B57E-F0FA39DAE064}.Debug|iPhoneSimulator.Build.0 = Debug|Any CPU
		{FFFD129E-3829-4128-B57E-F0FA39DAE064}.Debug|x64.ActiveCfg = Debug|Any CPU
		{FFFD129E-3829-4128-B57E-F0FA39DAE064}.Debug|x64.Build.0 = Debug|Any CPU
		{FFFD129E-3829-4128-B57E-F0FA39DAE064}.Debug|x86.ActiveCfg = Debug|Any CPU
		{FFFD129E-3829-4128-B57E-F0FA39DAE064}.Debug|x86.Build.0 = Debug|Any CPU
		{FFFD129E-3829-4128-B57E-F0FA39DAE064}.Release|Any CPU.ActiveCfg = Release|Any CPU
		{FFFD129E-3829-4128-B57E-F0FA39DAE064}.Release|Any CPU.Build.0 = Release|Any CPU
		{FFFD129E-3829-4128-B57E-F0FA39DAE064}.Release|ARM.ActiveCfg = Release|Any CPU
		{FFFD129E-3829-4128-B57E-F0FA39DAE064}.Release|ARM.Build.0 = Release|Any CPU
		{FFFD129E-3829-4128-B57E-F0FA39DAE064}.Release|iPhone.ActiveCfg = Release|Any CPU
		{FFFD129E-3829-4128-B57E-F0FA39DAE064}.Release|iPhone.Build.0 = Release|Any CPU
		{FFFD129E-3829-4128-B57E-F0FA39DAE064}.Release|iPhoneSimulator.ActiveCfg = Release|Any CPU
		{FFFD129E-3829-4128-B57E-F0FA39DAE064}.Release|iPhoneSimulator.Build.0 = Release|Any CPU
		{FFFD129E-3829-4128-B57E-F0FA39DAE064}.Release|x64.ActiveCfg = Release|Any CPU
		{FFFD129E-3829-4128-B57E-F0FA39DAE064}.Release|x64.Build.0 = Release|Any CPU
		{FFFD129E-3829-4128-B57E-F0FA39DAE064}.Release|x86.ActiveCfg = Release|Any CPU
		{FFFD129E-3829-4128-B57E-F0FA39DAE064}.Release|x86.Build.0 = Release|Any CPU
		{36415DA9-F47B-455E-8E63-C6932D5024D1}.Ad-Hoc|Any CPU.ActiveCfg = Release|Any CPU
		{36415DA9-F47B-455E-8E63-C6932D5024D1}.Ad-Hoc|Any CPU.Build.0 = Release|Any CPU
		{36415DA9-F47B-455E-8E63-C6932D5024D1}.Ad-Hoc|ARM.ActiveCfg = Release|Any CPU
		{36415DA9-F47B-455E-8E63-C6932D5024D1}.Ad-Hoc|ARM.Build.0 = Release|Any CPU
		{36415DA9-F47B-455E-8E63-C6932D5024D1}.Ad-Hoc|iPhone.ActiveCfg = Release|Any CPU
		{36415DA9-F47B-455E-8E63-C6932D5024D1}.Ad-Hoc|iPhone.Build.0 = Release|Any CPU
		{36415DA9-F47B-455E-8E63-C6932D5024D1}.Ad-Hoc|iPhoneSimulator.ActiveCfg = Release|Any CPU
		{36415DA9-F47B-455E-8E63-C6932D5024D1}.Ad-Hoc|iPhoneSimulator.Build.0 = Release|Any CPU
		{36415DA9-F47B-455E-8E63-C6932D5024D1}.Ad-Hoc|x64.ActiveCfg = Release|Any CPU
		{36415DA9-F47B-455E-8E63-C6932D5024D1}.Ad-Hoc|x64.Build.0 = Release|Any CPU
		{36415DA9-F47B-455E-8E63-C6932D5024D1}.Ad-Hoc|x86.ActiveCfg = Release|Any CPU
		{36415DA9-F47B-455E-8E63-C6932D5024D1}.Ad-Hoc|x86.Build.0 = Release|Any CPU
		{36415DA9-F47B-455E-8E63-C6932D5024D1}.AppStore|Any CPU.ActiveCfg = Release|Any CPU
		{36415DA9-F47B-455E-8E63-C6932D5024D1}.AppStore|Any CPU.Build.0 = Release|Any CPU
		{36415DA9-F47B-455E-8E63-C6932D5024D1}.AppStore|ARM.ActiveCfg = Release|Any CPU
		{36415DA9-F47B-455E-8E63-C6932D5024D1}.AppStore|ARM.Build.0 = Release|Any CPU
		{36415DA9-F47B-455E-8E63-C6932D5024D1}.AppStore|iPhone.ActiveCfg = Release|Any CPU
		{36415DA9-F47B-455E-8E63-C6932D5024D1}.AppStore|iPhone.Build.0 = Release|Any CPU
		{36415DA9-F47B-455E-8E63-C6932D5024D1}.AppStore|iPhoneSimulator.ActiveCfg = Release|Any CPU
		{36415DA9-F47B-455E-8E63-C6932D5024D1}.AppStore|iPhoneSimulator.Build.0 = Release|Any CPU
		{36415DA9-F47B-455E-8E63-C6932D5024D1}.AppStore|x64.ActiveCfg = Release|Any CPU
		{36415DA9-F47B-455E-8E63-C6932D5024D1}.AppStore|x64.Build.0 = Release|Any CPU
		{36415DA9-F47B-455E-8E63-C6932D5024D1}.AppStore|x86.ActiveCfg = Release|Any CPU
		{36415DA9-F47B-455E-8E63-C6932D5024D1}.AppStore|x86.Build.0 = Release|Any CPU
		{36415DA9-F47B-455E-8E63-C6932D5024D1}.Debug|Any CPU.ActiveCfg = Debug|Any CPU
		{36415DA9-F47B-455E-8E63-C6932D5024D1}.Debug|Any CPU.Build.0 = Debug|Any CPU
		{36415DA9-F47B-455E-8E63-C6932D5024D1}.Debug|ARM.ActiveCfg = Debug|Any CPU
		{36415DA9-F47B-455E-8E63-C6932D5024D1}.Debug|ARM.Build.0 = Debug|Any CPU
		{36415DA9-F47B-455E-8E63-C6932D5024D1}.Debug|iPhone.ActiveCfg = Debug|Any CPU
		{36415DA9-F47B-455E-8E63-C6932D5024D1}.Debug|iPhone.Build.0 = Debug|Any CPU
		{36415DA9-F47B-455E-8E63-C6932D5024D1}.Debug|iPhoneSimulator.ActiveCfg = Debug|Any CPU
		{36415DA9-F47B-455E-8E63-C6932D5024D1}.Debug|iPhoneSimulator.Build.0 = Debug|Any CPU
		{36415DA9-F47B-455E-8E63-C6932D5024D1}.Debug|x64.ActiveCfg = Debug|Any CPU
		{36415DA9-F47B-455E-8E63-C6932D5024D1}.Debug|x64.Build.0 = Debug|Any CPU
		{36415DA9-F47B-455E-8E63-C6932D5024D1}.Debug|x86.ActiveCfg = Debug|Any CPU
		{36415DA9-F47B-455E-8E63-C6932D5024D1}.Debug|x86.Build.0 = Debug|Any CPU
		{36415DA9-F47B-455E-8E63-C6932D5024D1}.Release|Any CPU.ActiveCfg = Release|Any CPU
		{36415DA9-F47B-455E-8E63-C6932D5024D1}.Release|Any CPU.Build.0 = Release|Any CPU
		{36415DA9-F47B-455E-8E63-C6932D5024D1}.Release|ARM.ActiveCfg = Release|Any CPU
		{36415DA9-F47B-455E-8E63-C6932D5024D1}.Release|ARM.Build.0 = Release|Any CPU
		{36415DA9-F47B-455E-8E63-C6932D5024D1}.Release|iPhone.ActiveCfg = Release|Any CPU
		{36415DA9-F47B-455E-8E63-C6932D5024D1}.Release|iPhone.Build.0 = Release|Any CPU
		{36415DA9-F47B-455E-8E63-C6932D5024D1}.Release|iPhoneSimulator.ActiveCfg = Release|Any CPU
		{36415DA9-F47B-455E-8E63-C6932D5024D1}.Release|iPhoneSimulator.Build.0 = Release|Any CPU
		{36415DA9-F47B-455E-8E63-C6932D5024D1}.Release|x64.ActiveCfg = Release|Any CPU
		{36415DA9-F47B-455E-8E63-C6932D5024D1}.Release|x64.Build.0 = Release|Any CPU
		{36415DA9-F47B-455E-8E63-C6932D5024D1}.Release|x86.ActiveCfg = Release|Any CPU
		{36415DA9-F47B-455E-8E63-C6932D5024D1}.Release|x86.Build.0 = Release|Any CPU
		{C66C4BCC-FC2C-4996-B571-AB5FCB45CC8C}.Ad-Hoc|Any CPU.ActiveCfg = Release|Any CPU
		{C66C4BCC-FC2C-4996-B571-AB5FCB45CC8C}.Ad-Hoc|Any CPU.Build.0 = Release|Any CPU
		{C66C4BCC-FC2C-4996-B571-AB5FCB45CC8C}.Ad-Hoc|ARM.ActiveCfg = Release|Any CPU
		{C66C4BCC-FC2C-4996-B571-AB5FCB45CC8C}.Ad-Hoc|ARM.Build.0 = Release|Any CPU
		{C66C4BCC-FC2C-4996-B571-AB5FCB45CC8C}.Ad-Hoc|iPhone.ActiveCfg = Release|Any CPU
		{C66C4BCC-FC2C-4996-B571-AB5FCB45CC8C}.Ad-Hoc|iPhone.Build.0 = Release|Any CPU
		{C66C4BCC-FC2C-4996-B571-AB5FCB45CC8C}.Ad-Hoc|iPhoneSimulator.ActiveCfg = Release|Any CPU
		{C66C4BCC-FC2C-4996-B571-AB5FCB45CC8C}.Ad-Hoc|iPhoneSimulator.Build.0 = Release|Any CPU
		{C66C4BCC-FC2C-4996-B571-AB5FCB45CC8C}.Ad-Hoc|x64.ActiveCfg = Release|Any CPU
		{C66C4BCC-FC2C-4996-B571-AB5FCB45CC8C}.Ad-Hoc|x64.Build.0 = Release|Any CPU
		{C66C4BCC-FC2C-4996-B571-AB5FCB45CC8C}.Ad-Hoc|x86.ActiveCfg = Release|Any CPU
		{C66C4BCC-FC2C-4996-B571-AB5FCB45CC8C}.Ad-Hoc|x86.Build.0 = Release|Any CPU
		{C66C4BCC-FC2C-4996-B571-AB5FCB45CC8C}.AppStore|Any CPU.ActiveCfg = Release|Any CPU
		{C66C4BCC-FC2C-4996-B571-AB5FCB45CC8C}.AppStore|Any CPU.Build.0 = Release|Any CPU
		{C66C4BCC-FC2C-4996-B571-AB5FCB45CC8C}.AppStore|ARM.ActiveCfg = Release|Any CPU
		{C66C4BCC-FC2C-4996-B571-AB5FCB45CC8C}.AppStore|ARM.Build.0 = Release|Any CPU
		{C66C4BCC-FC2C-4996-B571-AB5FCB45CC8C}.AppStore|iPhone.ActiveCfg = Release|Any CPU
		{C66C4BCC-FC2C-4996-B571-AB5FCB45CC8C}.AppStore|iPhone.Build.0 = Release|Any CPU
		{C66C4BCC-FC2C-4996-B571-AB5FCB45CC8C}.AppStore|iPhoneSimulator.ActiveCfg = Release|Any CPU
		{C66C4BCC-FC2C-4996-B571-AB5FCB45CC8C}.AppStore|iPhoneSimulator.Build.0 = Release|Any CPU
		{C66C4BCC-FC2C-4996-B571-AB5FCB45CC8C}.AppStore|x64.ActiveCfg = Release|Any CPU
		{C66C4BCC-FC2C-4996-B571-AB5FCB45CC8C}.AppStore|x64.Build.0 = Release|Any CPU
		{C66C4BCC-FC2C-4996-B571-AB5FCB45CC8C}.AppStore|x86.ActiveCfg = Release|Any CPU
		{C66C4BCC-FC2C-4996-B571-AB5FCB45CC8C}.AppStore|x86.Build.0 = Release|Any CPU
		{C66C4BCC-FC2C-4996-B571-AB5FCB45CC8C}.Debug|Any CPU.ActiveCfg = Debug|Any CPU
		{C66C4BCC-FC2C-4996-B571-AB5FCB45CC8C}.Debug|Any CPU.Build.0 = Debug|Any CPU
		{C66C4BCC-FC2C-4996-B571-AB5FCB45CC8C}.Debug|ARM.ActiveCfg = Debug|Any CPU
		{C66C4BCC-FC2C-4996-B571-AB5FCB45CC8C}.Debug|ARM.Build.0 = Debug|Any CPU
		{C66C4BCC-FC2C-4996-B571-AB5FCB45CC8C}.Debug|iPhone.ActiveCfg = Debug|Any CPU
		{C66C4BCC-FC2C-4996-B571-AB5FCB45CC8C}.Debug|iPhone.Build.0 = Debug|Any CPU
		{C66C4BCC-FC2C-4996-B571-AB5FCB45CC8C}.Debug|iPhoneSimulator.ActiveCfg = Debug|Any CPU
		{C66C4BCC-FC2C-4996-B571-AB5FCB45CC8C}.Debug|iPhoneSimulator.Build.0 = Debug|Any CPU
		{C66C4BCC-FC2C-4996-B571-AB5FCB45CC8C}.Debug|x64.ActiveCfg = Debug|Any CPU
		{C66C4BCC-FC2C-4996-B571-AB5FCB45CC8C}.Debug|x64.Build.0 = Debug|Any CPU
		{C66C4BCC-FC2C-4996-B571-AB5FCB45CC8C}.Debug|x86.ActiveCfg = Debug|Any CPU
		{C66C4BCC-FC2C-4996-B571-AB5FCB45CC8C}.Debug|x86.Build.0 = Debug|Any CPU
		{C66C4BCC-FC2C-4996-B571-AB5FCB45CC8C}.Release|Any CPU.ActiveCfg = Release|Any CPU
		{C66C4BCC-FC2C-4996-B571-AB5FCB45CC8C}.Release|Any CPU.Build.0 = Release|Any CPU
		{C66C4BCC-FC2C-4996-B571-AB5FCB45CC8C}.Release|ARM.ActiveCfg = Release|Any CPU
		{C66C4BCC-FC2C-4996-B571-AB5FCB45CC8C}.Release|ARM.Build.0 = Release|Any CPU
		{C66C4BCC-FC2C-4996-B571-AB5FCB45CC8C}.Release|iPhone.ActiveCfg = Release|Any CPU
		{C66C4BCC-FC2C-4996-B571-AB5FCB45CC8C}.Release|iPhone.Build.0 = Release|Any CPU
		{C66C4BCC-FC2C-4996-B571-AB5FCB45CC8C}.Release|iPhoneSimulator.ActiveCfg = Release|Any CPU
		{C66C4BCC-FC2C-4996-B571-AB5FCB45CC8C}.Release|iPhoneSimulator.Build.0 = Release|Any CPU
		{C66C4BCC-FC2C-4996-B571-AB5FCB45CC8C}.Release|x64.ActiveCfg = Release|Any CPU
		{C66C4BCC-FC2C-4996-B571-AB5FCB45CC8C}.Release|x64.Build.0 = Release|Any CPU
		{C66C4BCC-FC2C-4996-B571-AB5FCB45CC8C}.Release|x86.ActiveCfg = Release|Any CPU
		{C66C4BCC-FC2C-4996-B571-AB5FCB45CC8C}.Release|x86.Build.0 = Release|Any CPU
		{5D520995-BD82-47DC-A558-D3F797732BBE}.Ad-Hoc|Any CPU.ActiveCfg = Release|x64
		{5D520995-BD82-47DC-A558-D3F797732BBE}.Ad-Hoc|Any CPU.Build.0 = Release|x64
		{5D520995-BD82-47DC-A558-D3F797732BBE}.Ad-Hoc|Any CPU.Deploy.0 = Release|x64
		{5D520995-BD82-47DC-A558-D3F797732BBE}.Ad-Hoc|ARM.ActiveCfg = Release|ARM
		{5D520995-BD82-47DC-A558-D3F797732BBE}.Ad-Hoc|ARM.Build.0 = Release|ARM
		{5D520995-BD82-47DC-A558-D3F797732BBE}.Ad-Hoc|ARM.Deploy.0 = Release|ARM
		{5D520995-BD82-47DC-A558-D3F797732BBE}.Ad-Hoc|iPhone.ActiveCfg = Release|x64
		{5D520995-BD82-47DC-A558-D3F797732BBE}.Ad-Hoc|iPhone.Build.0 = Release|x64
		{5D520995-BD82-47DC-A558-D3F797732BBE}.Ad-Hoc|iPhone.Deploy.0 = Release|x64
		{5D520995-BD82-47DC-A558-D3F797732BBE}.Ad-Hoc|iPhoneSimulator.ActiveCfg = Release|x64
		{5D520995-BD82-47DC-A558-D3F797732BBE}.Ad-Hoc|iPhoneSimulator.Build.0 = Release|x64
		{5D520995-BD82-47DC-A558-D3F797732BBE}.Ad-Hoc|iPhoneSimulator.Deploy.0 = Release|x64
		{5D520995-BD82-47DC-A558-D3F797732BBE}.Ad-Hoc|x64.ActiveCfg = Release|x64
		{5D520995-BD82-47DC-A558-D3F797732BBE}.Ad-Hoc|x64.Build.0 = Release|x64
		{5D520995-BD82-47DC-A558-D3F797732BBE}.Ad-Hoc|x64.Deploy.0 = Release|x64
		{5D520995-BD82-47DC-A558-D3F797732BBE}.Ad-Hoc|x86.ActiveCfg = Release|x86
		{5D520995-BD82-47DC-A558-D3F797732BBE}.Ad-Hoc|x86.Build.0 = Release|x86
		{5D520995-BD82-47DC-A558-D3F797732BBE}.Ad-Hoc|x86.Deploy.0 = Release|x86
		{5D520995-BD82-47DC-A558-D3F797732BBE}.AppStore|Any CPU.ActiveCfg = Release|x64
		{5D520995-BD82-47DC-A558-D3F797732BBE}.AppStore|Any CPU.Build.0 = Release|x64
		{5D520995-BD82-47DC-A558-D3F797732BBE}.AppStore|Any CPU.Deploy.0 = Release|x64
		{5D520995-BD82-47DC-A558-D3F797732BBE}.AppStore|ARM.ActiveCfg = Release|ARM
		{5D520995-BD82-47DC-A558-D3F797732BBE}.AppStore|ARM.Build.0 = Release|ARM
		{5D520995-BD82-47DC-A558-D3F797732BBE}.AppStore|ARM.Deploy.0 = Release|ARM
		{5D520995-BD82-47DC-A558-D3F797732BBE}.AppStore|iPhone.ActiveCfg = Release|x64
		{5D520995-BD82-47DC-A558-D3F797732BBE}.AppStore|iPhone.Build.0 = Release|x64
		{5D520995-BD82-47DC-A558-D3F797732BBE}.AppStore|iPhone.Deploy.0 = Release|x64
		{5D520995-BD82-47DC-A558-D3F797732BBE}.AppStore|iPhoneSimulator.ActiveCfg = Release|x64
		{5D520995-BD82-47DC-A558-D3F797732BBE}.AppStore|iPhoneSimulator.Build.0 = Release|x64
		{5D520995-BD82-47DC-A558-D3F797732BBE}.AppStore|iPhoneSimulator.Deploy.0 = Release|x64
		{5D520995-BD82-47DC-A558-D3F797732BBE}.AppStore|x64.ActiveCfg = Release|x64
		{5D520995-BD82-47DC-A558-D3F797732BBE}.AppStore|x64.Build.0 = Release|x64
		{5D520995-BD82-47DC-A558-D3F797732BBE}.AppStore|x64.Deploy.0 = Release|x64
		{5D520995-BD82-47DC-A558-D3F797732BBE}.AppStore|x86.ActiveCfg = Release|x86
		{5D520995-BD82-47DC-A558-D3F797732BBE}.AppStore|x86.Build.0 = Release|x86
		{5D520995-BD82-47DC-A558-D3F797732BBE}.AppStore|x86.Deploy.0 = Release|x86
		{5D520995-BD82-47DC-A558-D3F797732BBE}.Debug|Any CPU.ActiveCfg = Debug|x86
		{5D520995-BD82-47DC-A558-D3F797732BBE}.Debug|ARM.ActiveCfg = Debug|ARM
		{5D520995-BD82-47DC-A558-D3F797732BBE}.Debug|ARM.Build.0 = Debug|ARM
		{5D520995-BD82-47DC-A558-D3F797732BBE}.Debug|ARM.Deploy.0 = Debug|ARM
		{5D520995-BD82-47DC-A558-D3F797732BBE}.Debug|iPhone.ActiveCfg = Debug|x86
		{5D520995-BD82-47DC-A558-D3F797732BBE}.Debug|iPhoneSimulator.ActiveCfg = Debug|x86
		{5D520995-BD82-47DC-A558-D3F797732BBE}.Debug|x64.ActiveCfg = Debug|x64
		{5D520995-BD82-47DC-A558-D3F797732BBE}.Debug|x64.Build.0 = Debug|x64
		{5D520995-BD82-47DC-A558-D3F797732BBE}.Debug|x64.Deploy.0 = Debug|x64
		{5D520995-BD82-47DC-A558-D3F797732BBE}.Debug|x86.ActiveCfg = Debug|x86
		{5D520995-BD82-47DC-A558-D3F797732BBE}.Debug|x86.Build.0 = Debug|x86
		{5D520995-BD82-47DC-A558-D3F797732BBE}.Debug|x86.Deploy.0 = Debug|x86
		{5D520995-BD82-47DC-A558-D3F797732BBE}.Release|Any CPU.ActiveCfg = Release|x86
		{5D520995-BD82-47DC-A558-D3F797732BBE}.Release|ARM.ActiveCfg = Release|ARM
		{5D520995-BD82-47DC-A558-D3F797732BBE}.Release|ARM.Build.0 = Release|ARM
		{5D520995-BD82-47DC-A558-D3F797732BBE}.Release|ARM.Deploy.0 = Release|ARM
		{5D520995-BD82-47DC-A558-D3F797732BBE}.Release|iPhone.ActiveCfg = Release|x86
		{5D520995-BD82-47DC-A558-D3F797732BBE}.Release|iPhoneSimulator.ActiveCfg = Release|x86
		{5D520995-BD82-47DC-A558-D3F797732BBE}.Release|x64.ActiveCfg = Release|x64
		{5D520995-BD82-47DC-A558-D3F797732BBE}.Release|x64.Build.0 = Release|x64
		{5D520995-BD82-47DC-A558-D3F797732BBE}.Release|x64.Deploy.0 = Release|x64
		{5D520995-BD82-47DC-A558-D3F797732BBE}.Release|x86.ActiveCfg = Release|x86
		{5D520995-BD82-47DC-A558-D3F797732BBE}.Release|x86.Build.0 = Release|x86
		{5D520995-BD82-47DC-A558-D3F797732BBE}.Release|x86.Deploy.0 = Release|x86
	EndGlobalSection
	GlobalSection(SolutionProperties) = preSolution
		HideSolutionNode = FALSE
	EndGlobalSection
	GlobalSection(NestedProjects) = preSolution
		{36415DA9-F47B-455E-8E63-C6932D5024D1} = {992C260C-CC51-4CE6-8D79-537AE0BA93A9}
		{5D520995-BD82-47DC-A558-D3F797732BBE} = {992C260C-CC51-4CE6-8D79-537AE0BA93A9}
	EndGlobalSection
	GlobalSection(ExtensibilityGlobals) = postSolution
		SolutionGuid = {A34C31FA-CE28-4969-A56F-A1839CC3CD94}
	EndGlobalSection
EndGlobal
