
Microsoft Visual Studio Solution File, Format Version 12.00
# Visual Studio 15
VisualStudioVersion = 15.0.27009.1
MinimumVisualStudioVersion = 10.0.40219.1
Project("{FAE04EC0-301F-11D3-BF4B-00C04F79EFBC}") = "Indigo.Core", "Indigo.Core\Indigo.Core.csproj", "{DFF15682-5075-4A99-83F4-E88A4D7FE2F7}"
EndProject
Project("{FAE04EC0-301F-11D3-BF4B-00C04F79EFBC}") = "Indigo.Server", "Indigo.Server\Indigo.Server.csproj", "{B4ED7176-EBAD-44D8-B8C9-5961A6DD8683}"
EndProject
Global
	GlobalSection(SolutionConfigurationPlatforms) = preSolution
		Debug|Any CPU = Debug|Any CPU
		Release|Any CPU = Release|Any CPU
	EndGlobalSection
	GlobalSection(ProjectConfigurationPlatforms) = postSolution
		{DFF15682-5075-4A99-83F4-E88A4D7FE2F7}.Debug|Any CPU.ActiveCfg = Debug|Any CPU
		{DFF15682-5075-4A99-83F4-E88A4D7FE2F7}.Debug|Any CPU.Build.0 = Debug|Any CPU
		{DFF15682-5075-4A99-83F4-E88A4D7FE2F7}.Release|Any CPU.ActiveCfg = Release|Any CPU
		{DFF15682-5075-4A99-83F4-E88A4D7FE2F7}.Release|Any CPU.Build.0 = Release|Any CPU
		{B4ED7176-EBAD-44D8-B8C9-5961A6DD8683}.Debug|Any CPU.ActiveCfg = Debug|Any CPU
		{B4ED7176-EBAD-44D8-B8C9-5961A6DD8683}.Debug|Any CPU.Build.0 = Debug|Any CPU
		{B4ED7176-EBAD-44D8-B8C9-5961A6DD8683}.Release|Any CPU.ActiveCfg = Release|Any CPU
		{B4ED7176-EBAD-44D8-B8C9-5961A6DD8683}.Release|Any CPU.Build.0 = Release|Any CPU
	EndGlobalSection
	GlobalSection(SolutionProperties) = preSolution
		HideSolutionNode = FALSE
	EndGlobalSection
	GlobalSection(ExtensibilityGlobals) = postSolution
		SolutionGuid = {1123F30B-365F-404D-B216-55C34E1AD5BC}
	EndGlobalSection
EndGlobal
